// !$*UTF8*$!
{
	archiveVersion = 1;
	classes = {
	};
	objectVersion = 56;
	objects = {

/* Begin PBXBuildFile section */
		B084821B2B70697200C96602 /* EndView.swift in Sources */ = {isa = PBXBuildFile; fileRef = B084821A2B70697200C96602 /* EndView.swift */; };
		B08482322B70AB4300C96602 /* Robusta Show.otf in Resources */ = {isa = PBXBuildFile; fileRef = B08482312B70AB4300C96602 /* Robusta Show.otf */; };
		B08482352B70AE3A00C96602 /* FLAnimatedImage in Frameworks */ = {isa = PBXBuildFile; productRef = B08482342B70AE3A00C96602 /* FLAnimatedImage */; };
		B0E70DB32B6E025000A20A39 /* ValentineApp.swift in Sources */ = {isa = PBXBuildFile; fileRef = B0E70DB22B6E025000A20A39 /* ValentineApp.swift */; };
		B0E70DB52B6E025000A20A39 /* QuestionView.swift in Sources */ = {isa = PBXBuildFile; fileRef = B0E70DB42B6E025000A20A39 /* QuestionView.swift */; };
		B0E70DB72B6E025400A20A39 /* Assets.xcassets in Resources */ = {isa = PBXBuildFile; fileRef = B0E70DB62B6E025400A20A39 /* Assets.xcassets */; };
		B0E70DBA2B6E025400A20A39 /* Preview Assets.xcassets in Resources */ = {isa = PBXBuildFile; fileRef = B0E70DB92B6E025400A20A39 /* Preview Assets.xcassets */; };
		B0E70DC42B6E025600A20A39 /* ValentineTests.swift in Sources */ = {isa = PBXBuildFile; fileRef = B0E70DC32B6E025600A20A39 /* ValentineTests.swift */; };
		B0E70DCE2B6E025600A20A39 /* ValentineUITests.swift in Sources */ = {isa = PBXBuildFile; fileRef = B0E70DCD2B6E025600A20A39 /* ValentineUITests.swift */; };
		B0E70DD02B6E025600A20A39 /* ValentineUITestsLaunchTests.swift in Sources */ = {isa = PBXBuildFile; fileRef = B0E70DCF2B6E025600A20A39 /* ValentineUITestsLaunchTests.swift */; };
/* End PBXBuildFile section */

/* Begin PBXContainerItemProxy section */
		B0E70DC02B6E025600A20A39 /* PBXContainerItemProxy */ = {
			isa = PBXContainerItemProxy;
			containerPortal = B0E70DA72B6E025000A20A39 /* Project object */;
			proxyType = 1;
			remoteGlobalIDString = B0E70DAE2B6E025000A20A39;
			remoteInfo = Cat;
		};
		B0E70DCA2B6E025600A20A39 /* PBXContainerItemProxy */ = {
			isa = PBXContainerItemProxy;
			containerPortal = B0E70DA72B6E025000A20A39 /* Project object */;
			proxyType = 1;
			remoteGlobalIDString = B0E70DAE2B6E025000A20A39;
			remoteInfo = Cat;
		};
/* End PBXContainerItemProxy section */

/* Begin PBXFileReference section */
		B084821A2B70697200C96602 /* EndView.swift */ = {isa = PBXFileReference; lastKnownFileType = sourcecode.swift; path = EndView.swift; sourceTree = "<group>"; };
		B084821D2B708FBD00C96602 /* Info.plist */ = {isa = PBXFileReference; lastKnownFileType = text.plist; path = Info.plist; sourceTree = "<group>"; };
		B08482302B70A72100C96602 /* mocha1.gif */ = {isa = PBXFileReference; lastKnownFileType = image.gif; path = mocha1.gif; sourceTree = "<group>"; };
		B08482312B70AB4300C96602 /* Robusta Show.otf */ = {isa = PBXFileReference; lastKnownFileType = file; path = "Robusta Show.otf"; sourceTree = "<group>"; };
		B0E70DAF2B6E025000A20A39 /* Valentine.app */ = {isa = PBXFileReference; explicitFileType = wrapper.application; includeInIndex = 0; path = Valentine.app; sourceTree = BUILT_PRODUCTS_DIR; };
		B0E70DB22B6E025000A20A39 /* ValentineApp.swift */ = {isa = PBXFileReference; lastKnownFileType = sourcecode.swift; path = ValentineApp.swift; sourceTree = "<group>"; };
		B0E70DB42B6E025000A20A39 /* QuestionView.swift */ = {isa = PBXFileReference; lastKnownFileType = sourcecode.swift; path = QuestionView.swift; sourceTree = "<group>"; };
		B0E70DB62B6E025400A20A39 /* Assets.xcassets */ = {isa = PBXFileReference; lastKnownFileType = folder.assetcatalog; path = Assets.xcassets; sourceTree = "<group>"; };
		B0E70DB92B6E025400A20A39 /* Preview Assets.xcassets */ = {isa = PBXFileReference; lastKnownFileType = folder.assetcatalog; path = "Preview Assets.xcassets"; sourceTree = "<group>"; };
		B0E70DBF2B6E025600A20A39 /* ValentineTests.xctest */ = {isa = PBXFileReference; explicitFileType = wrapper.cfbundle; includeInIndex = 0; path = ValentineTests.xctest; sourceTree = BUILT_PRODUCTS_DIR; };
		B0E70DC32B6E025600A20A39 /* ValentineTests.swift */ = {isa = PBXFileReference; lastKnownFileType = sourcecode.swift; path = ValentineTests.swift; sourceTree = "<group>"; };
		B0E70DC92B6E025600A20A39 /* ValentineUITests.xctest */ = {isa = PBXFileReference; explicitFileType = wrapper.cfbundle; includeInIndex = 0; path = ValentineUITests.xctest; sourceTree = BUILT_PRODUCTS_DIR; };
		B0E70DCD2B6E025600A20A39 /* ValentineUITests.swift */ = {isa = PBXFileReference; lastKnownFileType = sourcecode.swift; path = ValentineUITests.swift; sourceTree = "<group>"; };
		B0E70DCF2B6E025600A20A39 /* ValentineUITestsLaunchTests.swift */ = {isa = PBXFileReference; lastKnownFileType = sourcecode.swift; path = ValentineUITestsLaunchTests.swift; sourceTree = "<group>"; };
/* End PBXFileReference section */

/* Begin PBXFrameworksBuildPhase section */
		B0E70DAC2B6E025000A20A39 /* Frameworks */ = {
			isa = PBXFrameworksBuildPhase;
			buildActionMask = 2147483647;
			files = (
				B08482352B70AE3A00C96602 /* FLAnimatedImage in Frameworks */,
			);
			runOnlyForDeploymentPostprocessing = 0;
		};
		B0E70DBC2B6E025600A20A39 /* Frameworks */ = {
			isa = PBXFrameworksBuildPhase;
			buildActionMask = 2147483647;
			files = (
			);
			runOnlyForDeploymentPostprocessing = 0;
		};
		B0E70DC62B6E025600A20A39 /* Frameworks */ = {
			isa = PBXFrameworksBuildPhase;
			buildActionMask = 2147483647;
			files = (
			);
			runOnlyForDeploymentPostprocessing = 0;
		};
/* End PBXFrameworksBuildPhase section */

/* Begin PBXGroup section */
		B0E70DA62B6E025000A20A39 = {
			isa = PBXGroup;
			children = (
				B0E70DB12B6E025000A20A39 /* Valentine */,
				B0E70DC22B6E025600A20A39 /* ValentineTests */,
				B0E70DCC2B6E025600A20A39 /* CatUITests */,
				B0E70DB02B6E025000A20A39 /* Products */,
			);
			sourceTree = "<group>";
		};
		B0E70DB02B6E025000A20A39 /* Products */ = {
			isa = PBXGroup;
			children = (
				B0E70DAF2B6E025000A20A39 /* Valentine.app */,
				B0E70DBF2B6E025600A20A39 /* ValentineTests.xctest */,
				B0E70DC92B6E025600A20A39 /* ValentineUITests.xctest */,
			);
			name = Products;
			sourceTree = "<group>";
		};
		B0E70DB12B6E025000A20A39 /* Valentine */ = {
			isa = PBXGroup;
			children = (
				B08482312B70AB4300C96602 /* Robusta Show.otf */,
				B08482302B70A72100C96602 /* mocha1.gif */,
				B084821D2B708FBD00C96602 /* Info.plist */,
				B0E70DB22B6E025000A20A39 /* ValentineApp.swift */,
				B0E70DB42B6E025000A20A39 /* QuestionView.swift */,
				B084821A2B70697200C96602 /* EndView.swift */,
				B0E70DB62B6E025400A20A39 /* Assets.xcassets */,
				B0E70DB82B6E025400A20A39 /* Preview Content */,
			);
			path = Valentine;
			sourceTree = "<group>";
		};
		B0E70DB82B6E025400A20A39 /* Preview Content */ = {
			isa = PBXGroup;
			children = (
				B0E70DB92B6E025400A20A39 /* Preview Assets.xcassets */,
			);
			path = "Preview Content";
			sourceTree = "<group>";
		};
		B0E70DC22B6E025600A20A39 /* ValentineTests */ = {
			isa = PBXGroup;
			children = (
				B0E70DC32B6E025600A20A39 /* ValentineTests.swift */,
			);
			path = ValentineTests;
			sourceTree = "<group>";
		};
		B0E70DCC2B6E025600A20A39 /* CatUITests */ = {
			isa = PBXGroup;
			children = (
				B0E70DCD2B6E025600A20A39 /* ValentineUITests.swift */,
				B0E70DCF2B6E025600A20A39 /* ValentineUITestsLaunchTests.swift */,
			);
			path = CatUITests;
			sourceTree = "<group>";
		};
/* End PBXGroup section */

/* Begin PBXNativeTarget section */
		B0E70DAE2B6E025000A20A39 /* Valentine */ = {
			isa = PBXNativeTarget;
			buildConfigurationList = B0E70DD32B6E025600A20A39 /* Build configuration list for PBXNativeTarget "Valentine" */;
			buildPhases = (
				B0E70DAB2B6E025000A20A39 /* Sources */,
				B0E70DAC2B6E025000A20A39 /* Frameworks */,
				B0E70DAD2B6E025000A20A39 /* Resources */,
			);
			buildRules = (
			);
			dependencies = (
			);
			name = Valentine;
			packageProductDependencies = (
				B08482342B70AE3A00C96602 /* FLAnimatedImage */,
			);
			productName = Cat;
			productReference = B0E70DAF2B6E025000A20A39 /* Valentine.app */;
			productType = "com.apple.product-type.application";
		};
		B0E70DBE2B6E025600A20A39 /* ValentineTests */ = {
			isa = PBXNativeTarget;
			buildConfigurationList = B0E70DD62B6E025600A20A39 /* Build configuration list for PBXNativeTarget "ValentineTests" */;
			buildPhases = (
				B0E70DBB2B6E025600A20A39 /* Sources */,
				B0E70DBC2B6E025600A20A39 /* Frameworks */,
				B0E70DBD2B6E025600A20A39 /* Resources */,
			);
			buildRules = (
			);
			dependencies = (
				B0E70DC12B6E025600A20A39 /* PBXTargetDependency */,
			);
			name = ValentineTests;
			productName = CatTests;
			productReference = B0E70DBF2B6E025600A20A39 /* ValentineTests.xctest */;
			productType = "com.apple.product-type.bundle.unit-test";
		};
		B0E70DC82B6E025600A20A39 /* ValentineUITests */ = {
			isa = PBXNativeTarget;
			buildConfigurationList = B0E70DD92B6E025600A20A39 /* Build configuration list for PBXNativeTarget "ValentineUITests" */;
			buildPhases = (
				B0E70DC52B6E025600A20A39 /* Sources */,
				B0E70DC62B6E025600A20A39 /* Frameworks */,
				B0E70DC72B6E025600A20A39 /* Resources */,
			);
			buildRules = (
			);
			dependencies = (
				B0E70DCB2B6E025600A20A39 /* PBXTargetDependency */,
			);
			name = ValentineUITests;
			productName = CatUITests;
			productReference = B0E70DC92B6E025600A20A39 /* ValentineUITests.xctest */;
			productType = "com.apple.product-type.bundle.ui-testing";
		};
/* End PBXNativeTarget section */

/* Begin PBXProject section */
		B0E70DA72B6E025000A20A39 /* Project object */ = {
			isa = PBXProject;
			attributes = {
				BuildIndependentTargetsInParallel = 1;
				LastSwiftUpdateCheck = 1520;
				LastUpgradeCheck = 1520;
				TargetAttributes = {
					B0E70DAE2B6E025000A20A39 = {
						CreatedOnToolsVersion = 15.2;
					};
					B0E70DBE2B6E025600A20A39 = {
						CreatedOnToolsVersion = 15.2;
						TestTargetID = B0E70DAE2B6E025000A20A39;
					};
					B0E70DC82B6E025600A20A39 = {
						CreatedOnToolsVersion = 15.2;
						TestTargetID = B0E70DAE2B6E025000A20A39;
					};
				};
			};
			buildConfigurationList = B0E70DAA2B6E025000A20A39 /* Build configuration list for PBXProject "Valentine" */;
			compatibilityVersion = "Xcode 14.0";
			developmentRegion = en;
			hasScannedForEncodings = 0;
			knownRegions = (
				en,
				Base,
			);
			mainGroup = B0E70DA62B6E025000A20A39;
			packageReferences = (
				B08482332B70AE3900C96602 /* XCRemoteSwiftPackageReference "FLAnimatedImage" */,
			);
			productRefGroup = B0E70DB02B6E025000A20A39 /* Products */;
			projectDirPath = "";
			projectRoot = "";
			targets = (
				B0E70DAE2B6E025000A20A39 /* Valentine */,
				B0E70DBE2B6E025600A20A39 /* ValentineTests */,
				B0E70DC82B6E025600A20A39 /* ValentineUITests */,
			);
		};
/* End PBXProject section */

/* Begin PBXResourcesBuildPhase section */
		B0E70DAD2B6E025000A20A39 /* Resources */ = {
			isa = PBXResourcesBuildPhase;
			buildActionMask = 2147483647;
			files = (
				B0E70DBA2B6E025400A20A39 /* Preview Assets.xcassets in Resources */,
				B0E70DB72B6E025400A20A39 /* Assets.xcassets in Resources */,
				B08482322B70AB4300C96602 /* Robusta Show.otf in Resources */,
			);
			runOnlyForDeploymentPostprocessing = 0;
		};
		B0E70DBD2B6E025600A20A39 /* Resources */ = {
			isa = PBXResourcesBuildPhase;
			buildActionMask = 2147483647;
			files = (
			);
			runOnlyForDeploymentPostprocessing = 0;
		};
		B0E70DC72B6E025600A20A39 /* Resources */ = {
			isa = PBXResourcesBuildPhase;
			buildActionMask = 2147483647;
			files = (
			);
			runOnlyForDeploymentPostprocessing = 0;
		};
/* End PBXResourcesBuildPhase section */

/* Begin PBXSourcesBuildPhase section */
		B0E70DAB2B6E025000A20A39 /* Sources */ = {
			isa = PBXSourcesBuildPhase;
			buildActionMask = 2147483647;
			files = (
				B084821B2B70697200C96602 /* EndView.swift in Sources */,
				B0E70DB52B6E025000A20A39 /* QuestionView.swift in Sources */,
				B0E70DB32B6E025000A20A39 /* ValentineApp.swift in Sources */,
			);
			runOnlyForDeploymentPostprocessing = 0;
		};
		B0E70DBB2B6E025600A20A39 /* Sources */ = {
			isa = PBXSourcesBuildPhase;
			buildActionMask = 2147483647;
			files = (
				B0E70DC42B6E025600A20A39 /* ValentineTests.swift in Sources */,
			);
			runOnlyForDeploymentPostprocessing = 0;
		};
		B0E70DC52B6E025600A20A39 /* Sources */ = {
			isa = PBXSourcesBuildPhase;
			buildActionMask = 2147483647;
			files = (
				B0E70DCE2B6E025600A20A39 /* ValentineUITests.swift in Sources */,
				B0E70DD02B6E025600A20A39 /* ValentineUITestsLaunchTests.swift in Sources */,
			);
			runOnlyForDeploymentPostprocessing = 0;
		};
/* End PBXSourcesBuildPhase section */

/* Begin PBXTargetDependency section */
		B0E70DC12B6E025600A20A39 /* PBXTargetDependency */ = {
			isa = PBXTargetDependency;
			target = B0E70DAE2B6E025000A20A39 /* Valentine */;
			targetProxy = B0E70DC02B6E025600A20A39 /* PBXContainerItemProxy */;
		};
		B0E70DCB2B6E025600A20A39 /* PBXTargetDependency */ = {
			isa = PBXTargetDependency;
			target = B0E70DAE2B6E025000A20A39 /* Valentine */;
			targetProxy = B0E70DCA2B6E025600A20A39 /* PBXContainerItemProxy */;
		};
/* End PBXTargetDependency section */

/* Begin XCBuildConfiguration section */
		B0E70DD12B6E025600A20A39 /* Debug */ = {
			isa = XCBuildConfiguration;
			buildSettings = {
				ALWAYS_SEARCH_USER_PATHS = NO;
				ASSETCATALOG_COMPILER_GENERATE_SWIFT_ASSET_SYMBOL_EXTENSIONS = YES;
				CLANG_ANALYZER_NONNULL = YES;
				CLANG_ANALYZER_NUMBER_OBJECT_CONVERSION = YES_AGGRESSIVE;
				CLANG_CXX_LANGUAGE_STANDARD = "gnu++20";
				CLANG_ENABLE_MODULES = YES;
				CLANG_ENABLE_OBJC_ARC = YES;
				CLANG_ENABLE_OBJC_WEAK = YES;
				CLANG_WARN_BLOCK_CAPTURE_AUTORELEASING = YES;
				CLANG_WARN_BOOL_CONVERSION = YES;
				CLANG_WARN_COMMA = YES;
				CLANG_WARN_CONSTANT_CONVERSION = YES;
				CLANG_WARN_DEPRECATED_OBJC_IMPLEMENTATIONS = YES;
				CLANG_WARN_DIRECT_OBJC_ISA_USAGE = YES_ERROR;
				CLANG_WARN_DOCUMENTATION_COMMENTS = YES;
				CLANG_WARN_EMPTY_BODY = YES;
				CLANG_WARN_ENUM_CONVERSION = YES;
				CLANG_WARN_INFINITE_RECURSION = YES;
				CLANG_WARN_INT_CONVERSION = YES;
				CLANG_WARN_NON_LITERAL_NULL_CONVERSION = YES;
				CLANG_WARN_OBJC_IMPLICIT_RETAIN_SELF = YES;
				CLANG_WARN_OBJC_LITERAL_CONVERSION = YES;
				CLANG_WARN_OBJC_ROOT_CLASS = YES_ERROR;
				CLANG_WARN_QUOTED_INCLUDE_IN_FRAMEWORK_HEADER = YES;
				CLANG_WARN_RANGE_LOOP_ANALYSIS = YES;
				CLANG_WARN_STRICT_PROTOTYPES = YES;
				CLANG_WARN_SUSPICIOUS_MOVE = YES;
				CLANG_WARN_UNGUARDED_AVAILABILITY = YES_AGGRESSIVE;
				CLANG_WARN_UNREACHABLE_CODE = YES;
				CLANG_WARN__DUPLICATE_METHOD_MATCH = YES;
				COPY_PHASE_STRIP = NO;
				DEBUG_INFORMATION_FORMAT = dwarf;
				ENABLE_STRICT_OBJC_MSGSEND = YES;
				ENABLE_TESTABILITY = YES;
				ENABLE_USER_SCRIPT_SANDBOXING = YES;
				GCC_C_LANGUAGE_STANDARD = gnu17;
				GCC_DYNAMIC_NO_PIC = NO;
				GCC_NO_COMMON_BLOCKS = YES;
				GCC_OPTIMIZATION_LEVEL = 0;
				GCC_PREPROCESSOR_DEFINITIONS = (
					"DEBUG=1",
					"$(inherited)",
				);
				GCC_WARN_64_TO_32_BIT_CONVERSION = YES;
				GCC_WARN_ABOUT_RETURN_TYPE = YES_ERROR;
				GCC_WARN_UNDECLARED_SELECTOR = YES;
				GCC_WARN_UNINITIALIZED_AUTOS = YES_AGGRESSIVE;
				GCC_WARN_UNUSED_FUNCTION = YES;
				GCC_WARN_UNUSED_VARIABLE = YES;
				IPHONEOS_DEPLOYMENT_TARGET = 17.2;
				LOCALIZATION_PREFERS_STRING_CATALOGS = YES;
				MTL_ENABLE_DEBUG_INFO = INCLUDE_SOURCE;
				MTL_FAST_MATH = YES;
				ONLY_ACTIVE_ARCH = YES;
				SDKROOT = iphoneos;
				SWIFT_ACTIVE_COMPILATION_CONDITIONS = "DEBUG $(inherited)";
				SWIFT_OPTIMIZATION_LEVEL = "-Onone";
			};
			name = Debug;
		};
		B0E70DD22B6E025600A20A39 /* Release */ = {
			isa = XCBuildConfiguration;
			buildSettings = {
				ALWAYS_SEARCH_USER_PATHS = NO;
				ASSETCATALOG_COMPILER_GENERATE_SWIFT_ASSET_SYMBOL_EXTENSIONS = YES;
				CLANG_ANALYZER_NONNULL = YES;
				CLANG_ANALYZER_NUMBER_OBJECT_CONVERSION = YES_AGGRESSIVE;
				CLANG_CXX_LANGUAGE_STANDARD = "gnu++20";
				CLANG_ENABLE_MODULES = YES;
				CLANG_ENABLE_OBJC_ARC = YES;
				CLANG_ENABLE_OBJC_WEAK = YES;
				CLANG_WARN_BLOCK_CAPTURE_AUTORELEASING = YES;
				CLANG_WARN_BOOL_CONVERSION = YES;
				CLANG_WARN_COMMA = YES;
				CLANG_WARN_CONSTANT_CONVERSION = YES;
				CLANG_WARN_DEPRECATED_OBJC_IMPLEMENTATIONS = YES;
				CLANG_WARN_DIRECT_OBJC_ISA_USAGE = YES_ERROR;
				CLANG_WARN_DOCUMENTATION_COMMENTS = YES;
				CLANG_WARN_EMPTY_BODY = YES;
				CLANG_WARN_ENUM_CONVERSION = YES;
				CLANG_WARN_INFINITE_RECURSION = YES;
				CLANG_WARN_INT_CONVERSION = YES;
				CLANG_WARN_NON_LITERAL_NULL_CONVERSION = YES;
				CLANG_WARN_OBJC_IMPLICIT_RETAIN_SELF = YES;
				CLANG_WARN_OBJC_LITERAL_CONVERSION = YES;
				CLANG_WARN_OBJC_ROOT_CLASS = YES_ERROR;
				CLANG_WARN_QUOTED_INCLUDE_IN_FRAMEWORK_HEADER = YES;
				CLANG_WARN_RANGE_LOOP_ANALYSIS = YES;
				CLANG_WARN_STRICT_PROTOTYPES = YES;
				CLANG_WARN_SUSPICIOUS_MOVE = YES;
				CLANG_WARN_UNGUARDED_AVAILABILITY = YES_AGGRESSIVE;
				CLANG_WARN_UNREACHABLE_CODE = YES;
				CLANG_WARN__DUPLICATE_METHOD_MATCH = YES;
				COPY_PHASE_STRIP = NO;
				DEBUG_INFORMATION_FORMAT = "dwarf-with-dsym";
				ENABLE_NS_ASSERTIONS = NO;
				ENABLE_STRICT_OBJC_MSGSEND = YES;
				ENABLE_USER_SCRIPT_SANDBOXING = YES;
				GCC_C_LANGUAGE_STANDARD = gnu17;
				GCC_NO_COMMON_BLOCKS = YES;
				GCC_WARN_64_TO_32_BIT_CONVERSION = YES;
				GCC_WARN_ABOUT_RETURN_TYPE = YES_ERROR;
				GCC_WARN_UNDECLARED_SELECTOR = YES;
				GCC_WARN_UNINITIALIZED_AUTOS = YES_AGGRESSIVE;
				GCC_WARN_UNUSED_FUNCTION = YES;
				GCC_WARN_UNUSED_VARIABLE = YES;
				IPHONEOS_DEPLOYMENT_TARGET = 17.2;
				LOCALIZATION_PREFERS_STRING_CATALOGS = YES;
				MTL_ENABLE_DEBUG_INFO = NO;
				MTL_FAST_MATH = YES;
				SDKROOT = iphoneos;
				SWIFT_COMPILATION_MODE = wholemodule;
				VALIDATE_PRODUCT = YES;
			};
			name = Release;
		};
		B0E70DD42B6E025600A20A39 /* Debug */ = {
			isa = XCBuildConfiguration;
			buildSettings = {
				ASSETCATALOG_COMPILER_APPICON_NAME = AppIcon;
				ASSETCATALOG_COMPILER_GLOBAL_ACCENT_COLOR_NAME = AccentColor;
				CODE_SIGN_STYLE = Automatic;
				CURRENT_PROJECT_VERSION = 1;
				DEVELOPMENT_ASSET_PATHS = "\"Valentine/Preview Content\"";
				DEVELOPMENT_TEAM = CNJTRAU6N3;
				ENABLE_PREVIEWS = YES;
				GENERATE_INFOPLIST_FILE = YES;
				INFOPLIST_FILE = Valentine/Info.plist;
				INFOPLIST_KEY_UIApplicationSceneManifest_Generation = YES;
				INFOPLIST_KEY_UIApplicationSupportsIndirectInputEvents = YES;
				INFOPLIST_KEY_UILaunchScreen_Generation = YES;
				INFOPLIST_KEY_UISupportedInterfaceOrientations_iPad = "UIInterfaceOrientationPortrait UIInterfaceOrientationPortraitUpsideDown UIInterfaceOrientationLandscapeLeft UIInterfaceOrientationLandscapeRight";
				INFOPLIST_KEY_UISupportedInterfaceOrientations_iPhone = "UIInterfaceOrientationPortrait UIInterfaceOrientationLandscapeLeft UIInterfaceOrientationLandscapeRight";
				LD_RUNPATH_SEARCH_PATHS = (
					"$(inherited)",
					"@executable_path/Frameworks",
				);
				MARKETING_VERSION = 1.0;
				PRODUCT_BUNDLE_IDENTIFIER = com.carterswag.Cat;
				PRODUCT_NAME = "$(TARGET_NAME)";
				SWIFT_EMIT_LOC_STRINGS = YES;
				SWIFT_VERSION = 5.0;
				TARGETED_DEVICE_FAMILY = "1,2";
			};
			name = Debug;
		};
		B0E70DD52B6E025600A20A39 /* Release */ = {
			isa = XCBuildConfiguration;
			buildSettings = {
				ASSETCATALOG_COMPILER_APPICON_NAME = AppIcon;
				ASSETCATALOG_COMPILER_GLOBAL_ACCENT_COLOR_NAME = AccentColor;
				CODE_SIGN_STYLE = Automatic;
				CURRENT_PROJECT_VERSION = 1;
				DEVELOPMENT_ASSET_PATHS = "\"Valentine/Preview Content\"";
				DEVELOPMENT_TEAM = CNJTRAU6N3;
				ENABLE_PREVIEWS = YES;
				GENERATE_INFOPLIST_FILE = YES;
				INFOPLIST_FILE = Valentine/Info.plist;
				INFOPLIST_KEY_UIApplicationSceneManifest_Generation = YES;
				INFOPLIST_KEY_UIApplicationSupportsIndirectInputEvents = YES;
				INFOPLIST_KEY_UILaunchScreen_Generation = YES;
				INFOPLIST_KEY_UISupportedInterfaceOrientations_iPad = "UIInterfaceOrientationPortrait UIInterfaceOrientationPortraitUpsideDown UIInterfaceOrientationLandscapeLeft UIInterfaceOrientationLandscapeRight";
				INFOPLIST_KEY_UISupportedInterfaceOrientations_iPhone = "UIInterfaceOrientationPortrait UIInterfaceOrientationLandscapeLeft UIInterfaceOrientationLandscapeRight";
				LD_RUNPATH_SEARCH_PATHS = (
					"$(inherited)",
					"@executable_path/Frameworks",
				);
				MARKETING_VERSION = 1.0;
				PRODUCT_BUNDLE_IDENTIFIER = com.carterswag.Cat;
				PRODUCT_NAME = "$(TARGET_NAME)";
				SWIFT_EMIT_LOC_STRINGS = YES;
				SWIFT_VERSION = 5.0;
				TARGETED_DEVICE_FAMILY = "1,2";
			};
			name = Release;
		};
		B0E70DD72B6E025600A20A39 /* Debug */ = {
			isa = XCBuildConfiguration;
			buildSettings = {
				ALWAYS_EMBED_SWIFT_STANDARD_LIBRARIES = YES;
				BUNDLE_LOADER = "$(TEST_HOST)";
				CODE_SIGN_STYLE = Automatic;
				CURRENT_PROJECT_VERSION = 1;
				GENERATE_INFOPLIST_FILE = YES;
				IPHONEOS_DEPLOYMENT_TARGET = 17.2;
				MARKETING_VERSION = 1.0;
				PRODUCT_BUNDLE_IDENTIFIER = com.carterswag.CatTests;
				PRODUCT_NAME = "$(TARGET_NAME)";
				SWIFT_EMIT_LOC_STRINGS = NO;
				SWIFT_VERSION = 5.0;
				TARGETED_DEVICE_FAMILY = "1,2";
				TEST_HOST = "$(BUILT_PRODUCTS_DIR)/Valentine.app/$(BUNDLE_EXECUTABLE_FOLDER_PATH)/Valentine";
			};
			name = Debug;
		};
		B0E70DD82B6E025600A20A39 /* Release */ = {
			isa = XCBuildConfiguration;
			buildSettings = {
				ALWAYS_EMBED_SWIFT_STANDARD_LIBRARIES = YES;
				BUNDLE_LOADER = "$(TEST_HOST)";
				CODE_SIGN_STYLE = Automatic;
				CURRENT_PROJECT_VERSION = 1;
				GENERATE_INFOPLIST_FILE = YES;
				IPHONEOS_DEPLOYMENT_TARGET = 17.2;
				MARKETING_VERSION = 1.0;
				PRODUCT_BUNDLE_IDENTIFIER = com.carterswag.CatTests;
				PRODUCT_NAME = "$(TARGET_NAME)";
				SWIFT_EMIT_LOC_STRINGS = NO;
				SWIFT_VERSION = 5.0;
				TARGETED_DEVICE_FAMILY = "1,2";
				TEST_HOST = "$(BUILT_PRODUCTS_DIR)/Valentine.app/$(BUNDLE_EXECUTABLE_FOLDER_PATH)/Valentine";
			};
			name = Release;
		};
		B0E70DDA2B6E025600A20A39 /* Debug */ = {
			isa = XCBuildConfiguration;
			buildSettings = {
				ALWAYS_EMBED_SWIFT_STANDARD_LIBRARIES = YES;
				CODE_SIGN_STYLE = Automatic;
				CURRENT_PROJECT_VERSION = 1;
				GENERATE_INFOPLIST_FILE = YES;
				MARKETING_VERSION = 1.0;
				PRODUCT_BUNDLE_IDENTIFIER = com.carterswag.CatUITests;
				PRODUCT_NAME = "$(TARGET_NAME)";
				SWIFT_EMIT_LOC_STRINGS = NO;
				SWIFT_VERSION = 5.0;
				TARGETED_DEVICE_FAMILY = "1,2";
				TEST_TARGET_NAME = Cat;
			};
			name = Debug;
		};
		B0E70DDB2B6E025600A20A39 /* Release */ = {
			isa = XCBuildConfiguration;
			buildSettings = {
				ALWAYS_EMBED_SWIFT_STANDARD_LIBRARIES = YES;
				CODE_SIGN_STYLE = Automatic;
				CURRENT_PROJECT_VERSION = 1;
				GENERATE_INFOPLIST_FILE = YES;
				MARKETING_VERSION = 1.0;
				PRODUCT_BUNDLE_IDENTIFIER = com.carterswag.CatUITests;
				PRODUCT_NAME = "$(TARGET_NAME)";
				SWIFT_EMIT_LOC_STRINGS = NO;
				SWIFT_VERSION = 5.0;
				TARGETED_DEVICE_FAMILY = "1,2";
				TEST_TARGET_NAME = Cat;
			};
			name = Release;
		};
/* End XCBuildConfiguration section */

/* Begin XCConfigurationList section */
		B0E70DAA2B6E025000A20A39 /* Build configuration list for PBXProject "Valentine" */ = {
			isa = XCConfigurationList;
			buildConfigurations = (
				B0E70DD12B6E025600A20A39 /* Debug */,
				B0E70DD22B6E025600A20A39 /* Release */,
			);
			defaultConfigurationIsVisible = 0;
			defaultConfigurationName = Release;
		};
		B0E70DD32B6E025600A20A39 /* Build configuration list for PBXNativeTarget "Valentine" */ = {
			isa = XCConfigurationList;
			buildConfigurations = (
				B0E70DD42B6E025600A20A39 /* Debug */,
				B0E70DD52B6E025600A20A39 /* Release */,
			);
			defaultConfigurationIsVisible = 0;
			defaultConfigurationName = Release;
		};
		B0E70DD62B6E025600A20A39 /* Build configuration list for PBXNativeTarget "ValentineTests" */ = {
			isa = XCConfigurationList;
			buildConfigurations = (
				B0E70DD72B6E025600A20A39 /* Debug */,
				B0E70DD82B6E025600A20A39 /* Release */,
			);
			defaultConfigurationIsVisible = 0;
			defaultConfigurationName = Release;
		};
		B0E70DD92B6E025600A20A39 /* Build configuration list for PBXNativeTarget "ValentineUITests" */ = {
			isa = XCConfigurationList;
			buildConfigurations = (
				B0E70DDA2B6E025600A20A39 /* Debug */,
				B0E70DDB2B6E025600A20A39 /* Release */,
			);
			defaultConfigurationIsVisible = 0;
			defaultConfigurationName = Release;
		};
/* End XCConfigurationList section */

/* Begin XCRemoteSwiftPackageReference section */
		B08482332B70AE3900C96602 /* XCRemoteSwiftPackageReference "FLAnimatedImage" */ = {
			isa = XCRemoteSwiftPackageReference;
			repositoryURL = "https://github.com/Flipboard/FLAnimatedImage";
			requirement = {
				kind = upToNextMajorVersion;
				minimumVersion = 1.0.17;
			};
		};
/* End XCRemoteSwiftPackageReference section */

/* Begin XCSwiftPackageProductDependency section */
		B08482342B70AE3A00C96602 /* FLAnimatedImage */ = {
			isa = XCSwiftPackageProductDependency;
			package = B08482332B70AE3900C96602 /* XCRemoteSwiftPackageReference "FLAnimatedImage" */;
			productName = FLAnimatedImage;
		};
/* End XCSwiftPackageProductDependency section */
	};
	rootObject = B0E70DA72B6E025000A20A39 /* Project object */;
}
